// !$*UTF8*$!
{
	archiveVersion = 1;
	classes = {
	};
	objectVersion = 50;
	objects = {

/* Begin PBXBuildFile section */
		19CE9A7424C23D3C007C5F5B /* AppDelegate.swift in Sources */ = {isa = PBXBuildFile; fileRef = 19CE9A7324C23D3C007C5F5B /* AppDelegate.swift */; };
		19CE9A7624C23D3C007C5F5B /* SceneDelegate.swift in Sources */ = {isa = PBXBuildFile; fileRef = 19CE9A7524C23D3C007C5F5B /* SceneDelegate.swift */; };
		19CE9A7824C23D3C007C5F5B /* ViewController.swift in Sources */ = {isa = PBXBuildFile; fileRef = 19CE9A7724C23D3C007C5F5B /* ViewController.swift */; };
		19CE9A7B24C23D3C007C5F5B /* Main.storyboard in Resources */ = {isa = PBXBuildFile; fileRef = 19CE9A7924C23D3C007C5F5B /* Main.storyboard */; };
		19CE9A7D24C23D3E007C5F5B /* Assets.xcassets in Resources */ = {isa = PBXBuildFile; fileRef = 19CE9A7C24C23D3E007C5F5B /* Assets.xcassets */; };
		19CE9A8024C23D3E007C5F5B /* LaunchScreen.storyboard in Resources */ = {isa = PBXBuildFile; fileRef = 19CE9A7E24C23D3E007C5F5B /* LaunchScreen.storyboard */; };
		19CE9A8824C2B962007C5F5B /* Constants.swift in Sources */ = {isa = PBXBuildFile; fileRef = 19CE9A8724C2B962007C5F5B /* Constants.swift */; };
		19CE9A8A24C33F90007C5F5B /* Video.swift in Sources */ = {isa = PBXBuildFile; fileRef = 19CE9A8924C33F90007C5F5B /* Video.swift */; };
		19CE9A8C24C340AA007C5F5B /* Model.swift in Sources */ = {isa = PBXBuildFile; fileRef = 19CE9A8B24C340AA007C5F5B /* Model.swift */; };
		19CE9A8E24C57E4D007C5F5B /* ConstantsTemp.swift in Sources */ = {isa = PBXBuildFile; fileRef = 19CE9A8D24C57E4C007C5F5B /* ConstantsTemp.swift */; };
/* End PBXBuildFile section */

/* Begin PBXFileReference section */
		19CE9A7024C23D3C007C5F5B /* Youtube Ding Ding.app */ = {isa = PBXFileReference; explicitFileType = wrapper.application; includeInIndex = 0; path = "Youtube Ding Ding.app"; sourceTree = BUILT_PRODUCTS_DIR; };
		19CE9A7324C23D3C007C5F5B /* AppDelegate.swift */ = {isa = PBXFileReference; lastKnownFileType = sourcecode.swift; path = AppDelegate.swift; sourceTree = "<group>"; };
		19CE9A7524C23D3C007C5F5B /* SceneDelegate.swift */ = {isa = PBXFileReference; lastKnownFileType = sourcecode.swift; path = SceneDelegate.swift; sourceTree = "<group>"; };
		19CE9A7724C23D3C007C5F5B /* ViewController.swift */ = {isa = PBXFileReference; lastKnownFileType = sourcecode.swift; path = ViewController.swift; sourceTree = "<group>"; };
		19CE9A7A24C23D3C007C5F5B /* Base */ = {isa = PBXFileReference; lastKnownFileType = file.storyboard; name = Base; path = Base.lproj/Main.storyboard; sourceTree = "<group>"; };
		19CE9A7C24C23D3E007C5F5B /* Assets.xcassets */ = {isa = PBXFileReference; lastKnownFileType = folder.assetcatalog; path = Assets.xcassets; sourceTree = "<group>"; };
		19CE9A7F24C23D3E007C5F5B /* Base */ = {isa = PBXFileReference; lastKnownFileType = file.storyboard; name = Base; path = Base.lproj/LaunchScreen.storyboard; sourceTree = "<group>"; };
		19CE9A8124C23D3E007C5F5B /* Info.plist */ = {isa = PBXFileReference; lastKnownFileType = text.plist.xml; path = Info.plist; sourceTree = "<group>"; };
		19CE9A8724C2B962007C5F5B /* Constants.swift */ = {isa = PBXFileReference; lastKnownFileType = sourcecode.swift; path = Constants.swift; sourceTree = "<group>"; };
		19CE9A8924C33F90007C5F5B /* Video.swift */ = {isa = PBXFileReference; lastKnownFileType = sourcecode.swift; path = Video.swift; sourceTree = "<group>"; };
		19CE9A8B24C340AA007C5F5B /* Model.swift */ = {isa = PBXFileReference; lastKnownFileType = sourcecode.swift; path = Model.swift; sourceTree = "<group>"; };
		19CE9A8D24C57E4C007C5F5B /* ConstantsTemp.swift */ = {isa = PBXFileReference; lastKnownFileType = sourcecode.swift; path = ConstantsTemp.swift; sourceTree = "<group>"; };
/* End PBXFileReference section */

/* Begin PBXFrameworksBuildPhase section */
		19CE9A6D24C23D3C007C5F5B /* Frameworks */ = {
			isa = PBXFrameworksBuildPhase;
			buildActionMask = 2147483647;
			files = (
			);
			runOnlyForDeploymentPostprocessing = 0;
		};
/* End PBXFrameworksBuildPhase section */

/* Begin PBXGroup section */
		19CE9A6724C23D3C007C5F5B = {
			isa = PBXGroup;
			children = (
				19CE9A7224C23D3C007C5F5B /* Youtube Ding Ding */,
				19CE9A7124C23D3C007C5F5B /* Products */,
			);
			sourceTree = "<group>";
		};
		19CE9A7124C23D3C007C5F5B /* Products */ = {
			isa = PBXGroup;
			children = (
				19CE9A7024C23D3C007C5F5B /* Youtube Ding Ding.app */,
			);
			name = Products;
			sourceTree = "<group>";
		};
		19CE9A7224C23D3C007C5F5B /* Youtube Ding Ding */ = {
			isa = PBXGroup;
			children = (
				19CE9A7324C23D3C007C5F5B /* AppDelegate.swift */,
				19CE9A7524C23D3C007C5F5B /* SceneDelegate.swift */,
				19CE9A7724C23D3C007C5F5B /* ViewController.swift */,
				19CE9A8924C33F90007C5F5B /* Video.swift */,
				19CE9A8B24C340AA007C5F5B /* Model.swift */,
				19CE9A8724C2B962007C5F5B /* Constants.swift */,
				19CE9A8D24C57E4C007C5F5B /* ConstantsTemp.swift */,
				19CE9A7924C23D3C007C5F5B /* Main.storyboard */,
				19CE9A7C24C23D3E007C5F5B /* Assets.xcassets */,
				19CE9A7E24C23D3E007C5F5B /* LaunchScreen.storyboard */,
				19CE9A8124C23D3E007C5F5B /* Info.plist */,
			);
			path = "Youtube Ding Ding";
			sourceTree = "<group>";
		};
/* End PBXGroup section */

/* Begin PBXNativeTarget section */
		19CE9A6F24C23D3C007C5F5B /* Youtube Ding Ding */ = {
			isa = PBXNativeTarget;
			buildConfigurationList = 19CE9A8424C23D3E007C5F5B /* Build configuration list for PBXNativeTarget "Youtube Ding Ding" */;
			buildPhases = (
				19CE9A6C24C23D3C007C5F5B /* Sources */,
				19CE9A6D24C23D3C007C5F5B /* Frameworks */,
				19CE9A6E24C23D3C007C5F5B /* Resources */,
			);
			buildRules = (
			);
			dependencies = (
			);
			name = "Youtube Ding Ding";
			productName = "Youtube Ding Ding";
			productReference = 19CE9A7024C23D3C007C5F5B /* Youtube Ding Ding.app */;
			productType = "com.apple.product-type.application";
		};
/* End PBXNativeTarget section */

/* Begin PBXProject section */
		19CE9A6824C23D3C007C5F5B /* Project object */ = {
			isa = PBXProject;
			attributes = {
				LastSwiftUpdateCheck = 1140;
				LastUpgradeCheck = 1140;
				ORGANIZATIONNAME = "Kobra nateghi";
				TargetAttributes = {
					19CE9A6F24C23D3C007C5F5B = {
						CreatedOnToolsVersion = 11.4;
					};
				};
			};
			buildConfigurationList = 19CE9A6B24C23D3C007C5F5B /* Build configuration list for PBXProject "Youtube Ding Ding" */;
			compatibilityVersion = "Xcode 9.3";
			developmentRegion = en;
			hasScannedForEncodings = 0;
			knownRegions = (
				en,
				Base,
			);
			mainGroup = 19CE9A6724C23D3C007C5F5B;
			productRefGroup = 19CE9A7124C23D3C007C5F5B /* Products */;
			projectDirPath = "";
			projectRoot = "";
			targets = (
				19CE9A6F24C23D3C007C5F5B /* Youtube Ding Ding */,
			);
		};
/* End PBXProject section */

/* Begin PBXResourcesBuildPhase section */
		19CE9A6E24C23D3C007C5F5B /* Resources */ = {
			isa = PBXResourcesBuildPhase;
			buildActionMask = 2147483647;
			files = (
				19CE9A8024C23D3E007C5F5B /* LaunchScreen.storyboard in Resources */,
				19CE9A7D24C23D3E007C5F5B /* Assets.xcassets in Resources */,
				19CE9A7B24C23D3C007C5F5B /* Main.storyboard in Resources */,
			);
			runOnlyForDeploymentPostprocessing = 0;
		};
/* End PBXResourcesBuildPhase section */

/* Begin PBXSourcesBuildPhase section */
		19CE9A6C24C23D3C007C5F5B /* Sources */ = {
			isa = PBXSourcesBuildPhase;
			buildActionMask = 2147483647;
			files = (
				19CE9A7824C23D3C007C5F5B /* ViewController.swift in Sources */,
				19CE9A7424C23D3C007C5F5B /* AppDelegate.swift in Sources */,
				19CE9A7624C23D3C007C5F5B /* SceneDelegate.swift in Sources */,
				19CE9A8C24C340AA007C5F5B /* Model.swift in Sources */,
				19CE9A8E24C57E4D007C5F5B /* ConstantsTemp.swift in Sources */,
				19CE9A8824C2B962007C5F5B /* Constants.swift in Sources */,
				19CE9A8A24C33F90007C5F5B /* Video.swift in Sources */,
			);
			runOnlyForDeploymentPostprocessing = 0;
		};
/* End PBXSourcesBuildPhase section */

/* Begin PBXVariantGroup section */
		19CE9A7924C23D3C007C5F5B /* Main.storyboard */ = {
			isa = PBXVariantGroup;
			children = (
				19CE9A7A24C23D3C007C5F5B /* Base */,
			);
			name = Main.storyboard;
			sourceTree = "<group>";
		};
		19CE9A7E24C23D3E007C5F5B /* LaunchScreen.storyboard */ = {
			isa = PBXVariantGroup;
			children = (
				19CE9A7F24C23D3E007C5F5B /* Base */,
			);
			name = LaunchScreen.storyboard;
			sourceTree = "<group>";
		};
/* End PBXVariantGroup section */

/* Begin XCBuildConfiguration section */
		19CE9A8224C23D3E007C5F5B /* Debug */ = {
			isa = XCBuildConfiguration;
			buildSettings = {
				ALWAYS_SEARCH_USER_PATHS = NO;
				CLANG_ANALYZER_NONNULL = YES;
				CLANG_ANALYZER_NUMBER_OBJECT_CONVERSION = YES_AGGRESSIVE;
				CLANG_CXX_LANGUAGE_STANDARD = "gnu++14";
				CLANG_CXX_LIBRARY = "libc++";
				CLANG_ENABLE_MODULES = YES;
				CLANG_ENABLE_OBJC_ARC = YES;
				CLANG_ENABLE_OBJC_WEAK = YES;
				CLANG_WARN_BLOCK_CAPTURE_AUTORELEASING = YES;
				CLANG_WARN_BOOL_CONVERSION = YES;
				CLANG_WARN_COMMA = YES;
				CLANG_WARN_CONSTANT_CONVERSION = YES;
				CLANG_WARN_DEPRECATED_OBJC_IMPLEMENTATIONS = YES;
				CLANG_WARN_DIRECT_OBJC_ISA_USAGE = YES_ERROR;
				CLANG_WARN_DOCUMENTATION_COMMENTS = YES;
				CLANG_WARN_EMPTY_BODY = YES;
				CLANG_WARN_ENUM_CONVERSION = YES;
				CLANG_WARN_INFINITE_RECURSION = YES;
				CLANG_WARN_INT_CONVERSION = YES;
				CLANG_WARN_NON_LITERAL_NULL_CONVERSION = YES;
				CLANG_WARN_OBJC_IMPLICIT_RETAIN_SELF = YES;
				CLANG_WARN_OBJC_LITERAL_CONVERSION = YES;
				CLANG_WARN_OBJC_ROOT_CLASS = YES_ERROR;
				CLANG_WARN_RANGE_LOOP_ANALYSIS = YES;
				CLANG_WARN_STRICT_PROTOTYPES = YES;
				CLANG_WARN_SUSPICIOUS_MOVE = YES;
				CLANG_WARN_UNGUARDED_AVAILABILITY = YES_AGGRESSIVE;
				CLANG_WARN_UNREACHABLE_CODE = YES;
				CLANG_WARN__DUPLICATE_METHOD_MATCH = YES;
				COPY_PHASE_STRIP = NO;
				DEBUG_INFORMATION_FORMAT = dwarf;
				ENABLE_STRICT_OBJC_MSGSEND = YES;
				ENABLE_TESTABILITY = YES;
				GCC_C_LANGUAGE_STANDARD = gnu11;
				GCC_DYNAMIC_NO_PIC = NO;
				GCC_NO_COMMON_BLOCKS = YES;
				GCC_OPTIMIZATION_LEVEL = 0;
				GCC_PREPROCESSOR_DEFINITIONS = (
					"DEBUG=1",
					"$(inherited)",
				);
				GCC_WARN_64_TO_32_BIT_CONVERSION = YES;
				GCC_WARN_ABOUT_RETURN_TYPE = YES_ERROR;
				GCC_WARN_UNDECLARED_SELECTOR = YES;
				GCC_WARN_UNINITIALIZED_AUTOS = YES_AGGRESSIVE;
				GCC_WARN_UNUSED_FUNCTION = YES;
				GCC_WARN_UNUSED_VARIABLE = YES;
				IPHONEOS_DEPLOYMENT_TARGET = 13.4;
				MTL_ENABLE_DEBUG_INFO = INCLUDE_SOURCE;
				MTL_FAST_MATH = YES;
				ONLY_ACTIVE_ARCH = YES;
				SDKROOT = iphoneos;
				SWIFT_ACTIVE_COMPILATION_CONDITIONS = DEBUG;
				SWIFT_OPTIMIZATION_LEVEL = "-Onone";
			};
			name = Debug;
		};
		19CE9A8324C23D3E007C5F5B /* Release */ = {
			isa = XCBuildConfiguration;
			buildSettings = {
				ALWAYS_SEARCH_USER_PATHS = NO;
				CLANG_ANALYZER_NONNULL = YES;
				CLANG_ANALYZER_NUMBER_OBJECT_CONVERSION = YES_AGGRESSIVE;
				CLANG_CXX_LANGUAGE_STANDARD = "gnu++14";
				CLANG_CXX_LIBRARY = "libc++";
				CLANG_ENABLE_MODULES = YES;
				CLANG_ENABLE_OBJC_ARC = YES;
				CLANG_ENABLE_OBJC_WEAK = YES;
				CLANG_WARN_BLOCK_CAPTURE_AUTORELEASING = YES;
				CLANG_WARN_BOOL_CONVERSION = YES;
				CLANG_WARN_COMMA = YES;
				CLANG_WARN_CONSTANT_CONVERSION = YES;
				CLANG_WARN_DEPRECATED_OBJC_IMPLEMENTATIONS = YES;
				CLANG_WARN_DIRECT_OBJC_ISA_USAGE = YES_ERROR;
				CLANG_WARN_DOCUMENTATION_COMMENTS = YES;
				CLANG_WARN_EMPTY_BODY = YES;
				CLANG_WARN_ENUM_CONVERSION = YES;
				CLANG_WARN_INFINITE_RECURSION = YES;
				CLANG_WARN_INT_CONVERSION = YES;
				CLANG_WARN_NON_LITERAL_NULL_CONVERSION = YES;
				CLANG_WARN_OBJC_IMPLICIT_RETAIN_SELF = YES;
				CLANG_WARN_OBJC_LITERAL_CONVERSION = YES;
				CLANG_WARN_OBJC_ROOT_CLASS = YES_ERROR;
				CLANG_WARN_RANGE_LOOP_ANALYSIS = YES;
				CLANG_WARN_STRICT_PROTOTYPES = YES;
				CLANG_WARN_SUSPICIOUS_MOVE = YES;
				CLANG_WARN_UNGUARDED_AVAILABILITY = YES_AGGRESSIVE;
				CLANG_WARN_UNREACHABLE_CODE = YES;
				CLANG_WARN__DUPLICATE_METHOD_MATCH = YES;
				COPY_PHASE_STRIP = NO;
				DEBUG_INFORMATION_FORMAT = "dwarf-with-dsym";
				ENABLE_NS_ASSERTIONS = NO;
				ENABLE_STRICT_OBJC_MSGSEND = YES;
				GCC_C_LANGUAGE_STANDARD = gnu11;
				GCC_NO_COMMON_BLOCKS = YES;
				GCC_WARN_64_TO_32_BIT_CONVERSION = YES;
				GCC_WARN_ABOUT_RETURN_TYPE = YES_ERROR;
				GCC_WARN_UNDECLARED_SELECTOR = YES;
				GCC_WARN_UNINITIALIZED_AUTOS = YES_AGGRESSIVE;
				GCC_WARN_UNUSED_FUNCTION = YES;
				GCC_WARN_UNUSED_VARIABLE = YES;
				IPHONEOS_DEPLOYMENT_TARGET = 13.4;
				MTL_ENABLE_DEBUG_INFO = NO;
				MTL_FAST_MATH = YES;
				SDKROOT = iphoneos;
				SWIFT_COMPILATION_MODE = wholemodule;
				SWIFT_OPTIMIZATION_LEVEL = "-O";
				VALIDATE_PRODUCT = YES;
			};
			name = Release;
		};
		19CE9A8524C23D3E007C5F5B /* Debug */ = {
			isa = XCBuildConfiguration;
			buildSettings = {
				ASSETCATALOG_COMPILER_APPICON_NAME = AppIcon;
				CODE_SIGN_STYLE = Automatic;
				INFOPLIST_FILE = "Youtube Ding Ding/Info.plist";
				LD_RUNPATH_SEARCH_PATHS = (
					"$(inherited)",
					"@executable_path/Frameworks",
				);
				PRODUCT_BUNDLE_IDENTIFIER = "com.kobraNateghi.Youtube-Ding-Ding";
				PRODUCT_NAME = "$(TARGET_NAME)";
				SWIFT_VERSION = 5.0;
				TARGETED_DEVICE_FAMILY = "1,2";
			};
			name = Debug;
		};
		19CE9A8624C23D3E007C5F5B /* Release */ = {
			isa = XCBuildConfiguration;
			buildSettings = {
				ASSETCATALOG_COMPILER_APPICON_NAME = AppIcon;
				CODE_SIGN_STYLE = Automatic;
				INFOPLIST_FILE = "Youtube Ding Ding/Info.plist";
				LD_RUNPATH_SEARCH_PATHS = (
					"$(inherited)",
					"@executable_path/Frameworks",
				);
				PRODUCT_BUNDLE_IDENTIFIER = "com.kobraNateghi.Youtube-Ding-Ding";
				PRODUCT_NAME = "$(TARGET_NAME)";
				SWIFT_VERSION = 5.0;
				TARGETED_DEVICE_FAMILY = "1,2";
			};
			name = Release;
		};
/* End XCBuildConfiguration section */

/* Begin XCConfigurationList section */
		19CE9A6B24C23D3C007C5F5B /* Build configuration list for PBXProject "Youtube Ding Ding" */ = {
			isa = XCConfigurationList;
			buildConfigurations = (
				19CE9A8224C23D3E007C5F5B /* Debug */,
				19CE9A8324C23D3E007C5F5B /* Release */,
			);
			defaultConfigurationIsVisible = 0;
			defaultConfigurationName = Release;
		};
		19CE9A8424C23D3E007C5F5B /* Build configuration list for PBXNativeTarget "Youtube Ding Ding" */ = {
			isa = XCConfigurationList;
			buildConfigurations = (
				19CE9A8524C23D3E007C5F5B /* Debug */,
				19CE9A8624C23D3E007C5F5B /* Release */,
			);
			defaultConfigurationIsVisible = 0;
			defaultConfigurationName = Release;
		};
/* End XCConfigurationList section */
	};
	rootObject = 19CE9A6824C23D3C007C5F5B /* Project object */;
}
